{
  "nodes": {
    "clang-p2996": {
      "flake": false,
      "locked": {
        "lastModified": 1786150512,
        "narHash": "sha256-YEg9MJs3l8VErGcfpqK0rrGNs2+TB+kbureKyTw+ocU=",
        "owner": "Bloomberg",
        "repo": "clang-p2996",
        "rev": "060be17654102019e14810c3f948ef85a490755f",
        "type": "github"
      },
      "original": {
        "owner": "Bloomberg",
        "ref": "p2996",
        "repo": "clang-p2996",
        "type": "github"
      }
    },
    "nixpkgs": {
      "locked": {
        "lastModified": 1783776592,
        "narHash": "sha256-UgCQzxeWI75XM8G+hPrPh+MKzEPjG3SpAj7dtqSbksA=",
        "owner": "NixOS",
        "repo": "nixpkgs",
        "rev": "e7a3ca8092b61ff85b6a45bf863ea2b2d6a661b3",
        "type": "github"
      },
      "original": {
        "owner": "NixOS",
        "ref": "nixos-unstable",
        "repo": "nixpkgs",
        "type": "github"
      }
    },
    "root": {
      "inputs": {
        "clang-p2996": "clang-p2996",
        "nixpkgs": "nixpkgs"
      }
    }
  },
  "root": "root",
  "version": 7
}
